
Microsoft Visual Studio Solution File, Format Version 12.00
# Visual Studio Version 16
VisualStudioVersion = 25.0.1703.6
MinimumVisualStudioVersion = 10.0.40219.1
Project("{FAE04EC0-301F-11D3-BF4B-00C04F79EFBC}") = "Defontana.Console", "Defontana.Console\Defontana.Console.csproj", "{19937067-2DDE-4886-B0D5-E20FAA0344EE}"
EndProject
Global
	GlobalSection(SolutionConfigurationPlatforms) = preSolution
		Debug|Any CPU = Debug|Any CPU
		Release|Any CPU = Release|Any CPU
	EndGlobalSection
	GlobalSection(ProjectConfigurationPlatforms) = postSolution
		{19937067-2DDE-4886-B0D5-E20FAA0344EE}.Debug|Any CPU.ActiveCfg = Debug|Any CPU
		{19937067-2DDE-4886-B0D5-E20FAA0344EE}.Debug|Any CPU.Build.0 = Debug|Any CPU
		{19937067-2DDE-4886-B0D5-E20FAA0344EE}.Release|Any CPU.ActiveCfg = Release|Any CPU
		{19937067-2DDE-4886-B0D5-E20FAA0344EE}.Release|Any CPU.Build.0 = Release|Any CPU
	EndGlobalSection
	GlobalSection(SolutionProperties) = preSolution
		HideSolutionNode = FALSE
	EndGlobalSection
	GlobalSection(ExtensibilityGlobals) = postSolution
		SolutionGuid = {19FEC997-3183-4482-9D1E-BF86D85CACF3}
	EndGlobalSection
EndGlobal
